
Microsoft Visual Studio Solution File, Format Version 12.00
# Visual Studio Version 17
VisualStudioVersion = 17.7.34031.279
MinimumVisualStudioVersion = 10.0.40219.1
Project("{2150E333-8FDC-42A3-9474-1A3956D46DE8}") = "FrontEnd", "FrontEnd", "{F72E9F6F-2441-4014-9E77-19C036961EDE}"
EndProject
Project("{FAE04EC0-301F-11D3-BF4B-00C04F79EFBC}") = "Mango.Web", "Mango.Web\Mango.Web.csproj", "{36FCC0DF-CE66-43C5-8D4F-703F97568B57}"
EndProject
Project("{2150E333-8FDC-42A3-9474-1A3956D46DE8}") = "Services", "Services", "{06D5EB95-FF64-49F6-9C09-DD4824A56E53}"
EndProject
Project("{FAE04EC0-301F-11D3-BF4B-00C04F79EFBC}") = "Mango.Services.ProductAPI", "Mango.Services.ProductAPI\Mango.Services.ProductAPI.csproj", "{09F13BC9-FF03-48C6-B180-F7715C6C05D9}"
EndProject
Global
	GlobalSection(SolutionConfigurationPlatforms) = preSolution
		Debug|Any CPU = Debug|Any CPU
		Release|Any CPU = Release|Any CPU
	EndGlobalSection
	GlobalSection(ProjectConfigurationPlatforms) = postSolution
		{36FCC0DF-CE66-43C5-8D4F-703F97568B57}.Debug|Any CPU.ActiveCfg = Debug|Any CPU
		{36FCC0DF-CE66-43C5-8D4F-703F97568B57}.Debug|Any CPU.Build.0 = Debug|Any CPU
		{36FCC0DF-CE66-43C5-8D4F-703F97568B57}.Release|Any CPU.ActiveCfg = Release|Any CPU
		{36FCC0DF-CE66-43C5-8D4F-703F97568B57}.Release|Any CPU.Build.0 = Release|Any CPU
		{09F13BC9-FF03-48C6-B180-F7715C6C05D9}.Debug|Any CPU.ActiveCfg = Debug|Any CPU
		{09F13BC9-FF03-48C6-B180-F7715C6C05D9}.Debug|Any CPU.Build.0 = Debug|Any CPU
		{09F13BC9-FF03-48C6-B180-F7715C6C05D9}.Release|Any CPU.ActiveCfg = Release|Any CPU
		{09F13BC9-FF03-48C6-B180-F7715C6C05D9}.Release|Any CPU.Build.0 = Release|Any CPU
	EndGlobalSection
	GlobalSection(SolutionProperties) = preSolution
		HideSolutionNode = FALSE
	EndGlobalSection
	GlobalSection(NestedProjects) = preSolution
		{36FCC0DF-CE66-43C5-8D4F-703F97568B57} = {F72E9F6F-2441-4014-9E77-19C036961EDE}
		{09F13BC9-FF03-48C6-B180-F7715C6C05D9} = {06D5EB95-FF64-49F6-9C09-DD4824A56E53}
	EndGlobalSection
	GlobalSection(ExtensibilityGlobals) = postSolution
		SolutionGuid = {102EB00D-6C0D-4F9C-A2CE-A8A67B0011E0}
	EndGlobalSection
EndGlobal
